// !$*UTF8*$!
{
	archiveVersion = 1;
	classes = {
	};
	objectVersion = 50;
	objects = {

/* Begin PBXBuildFile section */
		5986D98EAA66E23213F176B4 /* Pods_TableViewDemo.framework in Frameworks */ = {isa = PBXBuildFile; fileRef = 69A58DDBBF8C405169EC95A5 /* Pods_TableViewDemo.framework */; };
		75E7816F21A30488006F9B5B /* AppDelegate.swift in Sources */ = {isa = PBXBuildFile; fileRef = 75E7816E21A30488006F9B5B /* AppDelegate.swift */; };
		75E7817621A3048A006F9B5B /* Assets.xcassets in Resources */ = {isa = PBXBuildFile; fileRef = 75E7817521A3048A006F9B5B /* Assets.xcassets */; };
		75E7817921A3048A006F9B5B /* LaunchScreen.storyboard in Resources */ = {isa = PBXBuildFile; fileRef = 75E7817721A3048A006F9B5B /* LaunchScreen.storyboard */; };
		75E7818421A3048A006F9B5B /* TableViewDemoTests.swift in Sources */ = {isa = PBXBuildFile; fileRef = 75E7818321A3048A006F9B5B /* TableViewDemoTests.swift */; };
		75E7818F21A3048A006F9B5B /* TableViewDemoUITests.swift in Sources */ = {isa = PBXBuildFile; fileRef = 75E7818E21A3048A006F9B5B /* TableViewDemoUITests.swift */; };
		75E7819D21A30797006F9B5B /* GitHubApi.swift in Sources */ = {isa = PBXBuildFile; fileRef = 75E7819C21A30797006F9B5B /* GitHubApi.swift */; };
		75E7819F21A308EC006F9B5B /* GitHubModel.swift in Sources */ = {isa = PBXBuildFile; fileRef = 75E7819E21A308EC006F9B5B /* GitHubModel.swift */; };
		75E781A121A3091F006F9B5B /* ViewModel.swift in Sources */ = {isa = PBXBuildFile; fileRef = 75E781A021A3091F006F9B5B /* ViewModel.swift */; };
		75E781A321A31160006F9B5B /* RxTableViewViewController.swift in Sources */ = {isa = PBXBuildFile; fileRef = 75E781A221A31160006F9B5B /* RxTableViewViewController.swift */; };
/* End PBXBuildFile section */

/* Begin PBXContainerItemProxy section */
		75E7818021A3048A006F9B5B /* PBXContainerItemProxy */ = {
			isa = PBXContainerItemProxy;
			containerPortal = 75E7816321A30488006F9B5B /* Project object */;
			proxyType = 1;
			remoteGlobalIDString = 75E7816A21A30488006F9B5B;
			remoteInfo = TableViewDemo;
		};
		75E7818B21A3048A006F9B5B /* PBXContainerItemProxy */ = {
			isa = PBXContainerItemProxy;
			containerPortal = 75E7816321A30488006F9B5B /* Project object */;
			proxyType = 1;
			remoteGlobalIDString = 75E7816A21A30488006F9B5B;
			remoteInfo = TableViewDemo;
		};
/* End PBXContainerItemProxy section */

/* Begin PBXFileReference section */
		2E3C2E37DCF58979D93C1970 /* Pods-TableViewDemo.release.xcconfig */ = {isa = PBXFileReference; includeInIndex = 1; lastKnownFileType = text.xcconfig; name = "Pods-TableViewDemo.release.xcconfig"; path = "Pods/Target Support Files/Pods-TableViewDemo/Pods-TableViewDemo.release.xcconfig"; sourceTree = "<group>"; };
		3FA506ADCCE7131E7104CFFE /* Pods-TableViewDemo.debug.xcconfig */ = {isa = PBXFileReference; includeInIndex = 1; lastKnownFileType = text.xcconfig; name = "Pods-TableViewDemo.debug.xcconfig"; path = "Pods/Target Support Files/Pods-TableViewDemo/Pods-TableViewDemo.debug.xcconfig"; sourceTree = "<group>"; };
		69A58DDBBF8C405169EC95A5 /* Pods_TableViewDemo.framework */ = {isa = PBXFileReference; explicitFileType = wrapper.framework; includeInIndex = 0; path = Pods_TableViewDemo.framework; sourceTree = BUILT_PRODUCTS_DIR; };
		7596D54021A3B5C300508EA1 /*  Functional_Programming.playground */ = {isa = PBXFileReference; lastKnownFileType = file.playground; path = " Functional_Programming.playground"; sourceTree = "<group>"; xcLanguageSpecificationIdentifier = xcode.lang.swift; };
		7596D54121A3B5C300508EA1 /* ObservableCreate.playground */ = {isa = PBXFileReference; lastKnownFileType = file.playground; path = ObservableCreate.playground; sourceTree = "<group>"; xcLanguageSpecificationIdentifier = xcode.lang.swift; };
		7596D54221A3B5C300508EA1 /* RxTableViewDemo.playground */ = {isa = PBXFileReference; lastKnownFileType = file.playground; path = RxTableViewDemo.playground; sourceTree = "<group>"; xcLanguageSpecificationIdentifier = xcode.lang.swift; };
		7596D54321A3B5C300508EA1 /* WhyUseRx.playground */ = {isa = PBXFileReference; lastKnownFileType = file.playground; path = WhyUseRx.playground; sourceTree = "<group>"; xcLanguageSpecificationIdentifier = xcode.lang.swift; };
		75E7816B21A30488006F9B5B /* TableViewDemo.app */ = {isa = PBXFileReference; explicitFileType = wrapper.application; includeInIndex = 0; path = TableViewDemo.app; sourceTree = BUILT_PRODUCTS_DIR; };
		75E7816E21A30488006F9B5B /* AppDelegate.swift */ = {isa = PBXFileReference; lastKnownFileType = sourcecode.swift; path = AppDelegate.swift; sourceTree = "<group>"; };
		75E7817521A3048A006F9B5B /* Assets.xcassets */ = {isa = PBXFileReference; lastKnownFileType = folder.assetcatalog; path = Assets.xcassets; sourceTree = "<group>"; };
		75E7817821A3048A006F9B5B /* Base */ = {isa = PBXFileReference; lastKnownFileType = file.storyboard; name = Base; path = Base.lproj/LaunchScreen.storyboard; sourceTree = "<group>"; };
		75E7817A21A3048A006F9B5B /* Info.plist */ = {isa = PBXFileReference; lastKnownFileType = text.plist.xml; path = Info.plist; sourceTree = "<group>"; };
		75E7817F21A3048A006F9B5B /* TableViewDemoTests.xctest */ = {isa = PBXFileReference; explicitFileType = wrapper.cfbundle; includeInIndex = 0; path = TableViewDemoTests.xctest; sourceTree = BUILT_PRODUCTS_DIR; };
		75E7818321A3048A006F9B5B /* TableViewDemoTests.swift */ = {isa = PBXFileReference; lastKnownFileType = sourcecode.swift; path = TableViewDemoTests.swift; sourceTree = "<group>"; };
		75E7818521A3048A006F9B5B /* Info.plist */ = {isa = PBXFileReference; lastKnownFileType = text.plist.xml; path = Info.plist; sourceTree = "<group>"; };
		75E7818A21A3048A006F9B5B /* TableViewDemoUITests.xctest */ = {isa = PBXFileReference; explicitFileType = wrapper.cfbundle; includeInIndex = 0; path = TableViewDemoUITests.xctest; sourceTree = BUILT_PRODUCTS_DIR; };
		75E7818E21A3048A006F9B5B /* TableViewDemoUITests.swift */ = {isa = PBXFileReference; lastKnownFileType = sourcecode.swift; path = TableViewDemoUITests.swift; sourceTree = "<group>"; };
		75E7819021A3048A006F9B5B /* Info.plist */ = {isa = PBXFileReference; lastKnownFileType = text.plist.xml; path = Info.plist; sourceTree = "<group>"; };
		75E7819C21A30797006F9B5B /* GitHubApi.swift */ = {isa = PBXFileReference; lastKnownFileType = sourcecode.swift; path = GitHubApi.swift; sourceTree = "<group>"; };
		75E7819E21A308EC006F9B5B /* GitHubModel.swift */ = {isa = PBXFileReference; lastKnownFileType = sourcecode.swift; path = GitHubModel.swift; sourceTree = "<group>"; };
		75E781A021A3091F006F9B5B /* ViewModel.swift */ = {isa = PBXFileReference; lastKnownFileType = sourcecode.swift; path = ViewModel.swift; sourceTree = "<group>"; };
		75E781A221A31160006F9B5B /* RxTableViewViewController.swift */ = {isa = PBXFileReference; lastKnownFileType = sourcecode.swift; path = RxTableViewViewController.swift; sourceTree = "<group>"; };
		9FF5FD547EDB5F9BCD4329E0 /* Pods_TableViewDemoUITests.framework */ = {isa = PBXFileReference; explicitFileType = wrapper.framework; includeInIndex = 0; path = Pods_TableViewDemoUITests.framework; sourceTree = BUILT_PRODUCTS_DIR; };
		D3565C81621D76F65074E5AA /* Pods_TableViewDemoTests.framework */ = {isa = PBXFileReference; explicitFileType = wrapper.framework; includeInIndex = 0; path = Pods_TableViewDemoTests.framework; sourceTree = BUILT_PRODUCTS_DIR; };
/* End PBXFileReference section */

/* Begin PBXFrameworksBuildPhase section */
		75E7816821A30488006F9B5B /* Frameworks */ = {
			isa = PBXFrameworksBuildPhase;
			buildActionMask = 2147483647;
			files = (
				5986D98EAA66E23213F176B4 /* Pods_TableViewDemo.framework in Frameworks */,
			);
			runOnlyForDeploymentPostprocessing = 0;
		};
		75E7817C21A3048A006F9B5B /* Frameworks */ = {
			isa = PBXFrameworksBuildPhase;
			buildActionMask = 2147483647;
			files = (
			);
			runOnlyForDeploymentPostprocessing = 0;
		};
		75E7818721A3048A006F9B5B /* Frameworks */ = {
			isa = PBXFrameworksBuildPhase;
			buildActionMask = 2147483647;
			files = (
			);
			runOnlyForDeploymentPostprocessing = 0;
		};
/* End PBXFrameworksBuildPhase section */

/* Begin PBXGroup section */
		2218925AE7DA5F90F6327B6C /* Frameworks */ = {
			isa = PBXGroup;
			children = (
				69A58DDBBF8C405169EC95A5 /* Pods_TableViewDemo.framework */,
				D3565C81621D76F65074E5AA /* Pods_TableViewDemoTests.framework */,
				9FF5FD547EDB5F9BCD4329E0 /* Pods_TableViewDemoUITests.framework */,
			);
			name = Frameworks;
			sourceTree = "<group>";
		};
		60E0804D6ED400DDB4944FC8 /* Pods */ = {
			isa = PBXGroup;
			children = (
				3FA506ADCCE7131E7104CFFE /* Pods-TableViewDemo.debug.xcconfig */,
				2E3C2E37DCF58979D93C1970 /* Pods-TableViewDemo.release.xcconfig */,
			);
			name = Pods;
			sourceTree = "<group>";
		};
		75E7816221A30488006F9B5B = {
			isa = PBXGroup;
			children = (
				75E7816D21A30488006F9B5B /* TableViewDemo */,
				75E7818221A3048A006F9B5B /* TableViewDemoTests */,
				75E7818D21A3048A006F9B5B /* TableViewDemoUITests */,
				75E7816C21A30488006F9B5B /* Products */,
				60E0804D6ED400DDB4944FC8 /* Pods */,
				2218925AE7DA5F90F6327B6C /* Frameworks */,
			);
			sourceTree = "<group>";
		};
		75E7816C21A30488006F9B5B /* Products */ = {
			isa = PBXGroup;
			children = (
				75E7816B21A30488006F9B5B /* TableViewDemo.app */,
				75E7817F21A3048A006F9B5B /* TableViewDemoTests.xctest */,
				75E7818A21A3048A006F9B5B /* TableViewDemoUITests.xctest */,
			);
			name = Products;
			sourceTree = "<group>";
		};
		75E7816D21A30488006F9B5B /* TableViewDemo */ = {
			isa = PBXGroup;
			children = (
				7596D54021A3B5C300508EA1 /*  Functional_Programming.playground */,
				7596D54121A3B5C300508EA1 /* ObservableCreate.playground */,
				7596D54221A3B5C300508EA1 /* RxTableViewDemo.playground */,
				7596D54321A3B5C300508EA1 /* WhyUseRx.playground */,
				75E7816E21A30488006F9B5B /* AppDelegate.swift */,
				75E781A221A31160006F9B5B /* RxTableViewViewController.swift */,
				75E7819C21A30797006F9B5B /* GitHubApi.swift */,
				75E7819E21A308EC006F9B5B /* GitHubModel.swift */,
				75E781A021A3091F006F9B5B /* ViewModel.swift */,
				75E7817521A3048A006F9B5B /* Assets.xcassets */,
				75E7817721A3048A006F9B5B /* LaunchScreen.storyboard */,
				75E7817A21A3048A006F9B5B /* Info.plist */,
			);
			path = TableViewDemo;
			sourceTree = "<group>";
		};
		75E7818221A3048A006F9B5B /* TableViewDemoTests */ = {
			isa = PBXGroup;
			children = (
				75E7818321A3048A006F9B5B /* TableViewDemoTests.swift */,
				75E7818521A3048A006F9B5B /* Info.plist */,
			);
			path = TableViewDemoTests;
			sourceTree = "<group>";
		};
		75E7818D21A3048A006F9B5B /* TableViewDemoUITests */ = {
			isa = PBXGroup;
			children = (
				75E7818E21A3048A006F9B5B /* TableViewDemoUITests.swift */,
				75E7819021A3048A006F9B5B /* Info.plist */,
			);
			path = TableViewDemoUITests;
			sourceTree = "<group>";
		};
/* End PBXGroup section */

/* Begin PBXNativeTarget section */
		75E7816A21A30488006F9B5B /* TableViewDemo */ = {
			isa = PBXNativeTarget;
			buildConfigurationList = 75E7819321A3048A006F9B5B /* Build configuration list for PBXNativeTarget "TableViewDemo" */;
			buildPhases = (
				65C68E8C5A68881C53631C8F /* [CP] Check Pods Manifest.lock */,
				75E7816721A30488006F9B5B /* Sources */,
				75E7816821A30488006F9B5B /* Frameworks */,
				75E7816921A30488006F9B5B /* Resources */,
				1C21BCB64678B7E43256CF28 /* [CP] Embed Pods Frameworks */,
			);
			buildRules = (
			);
			dependencies = (
			);
			name = TableViewDemo;
			productName = TableViewDemo;
			productReference = 75E7816B21A30488006F9B5B /* TableViewDemo.app */;
			productType = "com.apple.product-type.application";
		};
		75E7817E21A3048A006F9B5B /* TableViewDemoTests */ = {
			isa = PBXNativeTarget;
			buildConfigurationList = 75E7819621A3048A006F9B5B /* Build configuration list for PBXNativeTarget "TableViewDemoTests" */;
			buildPhases = (
				75E7817B21A3048A006F9B5B /* Sources */,
				75E7817C21A3048A006F9B5B /* Frameworks */,
				75E7817D21A3048A006F9B5B /* Resources */,
			);
			buildRules = (
			);
			dependencies = (
				75E7818121A3048A006F9B5B /* PBXTargetDependency */,
			);
			name = TableViewDemoTests;
			productName = TableViewDemoTests;
			productReference = 75E7817F21A3048A006F9B5B /* TableViewDemoTests.xctest */;
			productType = "com.apple.product-type.bundle.unit-test";
		};
		75E7818921A3048A006F9B5B /* TableViewDemoUITests */ = {
			isa = PBXNativeTarget;
			buildConfigurationList = 75E7819921A3048A006F9B5B /* Build configuration list for PBXNativeTarget "TableViewDemoUITests" */;
			buildPhases = (
				75E7818621A3048A006F9B5B /* Sources */,
				75E7818721A3048A006F9B5B /* Frameworks */,
				75E7818821A3048A006F9B5B /* Resources */,
			);
			buildRules = (
			);
			dependencies = (
				75E7818C21A3048A006F9B5B /* PBXTargetDependency */,
			);
			name = TableViewDemoUITests;
			productName = TableViewDemoUITests;
			productReference = 75E7818A21A3048A006F9B5B /* TableViewDemoUITests.xctest */;
			productType = "com.apple.product-type.bundle.ui-testing";
		};
/* End PBXNativeTarget section */

/* Begin PBXProject section */
		75E7816321A30488006F9B5B /* Project object */ = {
			isa = PBXProject;
			attributes = {
				LastSwiftUpdateCheck = 1000;
				LastUpgradeCheck = 1000;
				ORGANIZATIONNAME = xiushaomin;
				TargetAttributes = {
					75E7816A21A30488006F9B5B = {
						CreatedOnToolsVersion = 10.0;
					};
					75E7817E21A3048A006F9B5B = {
						CreatedOnToolsVersion = 10.0;
						TestTargetID = 75E7816A21A30488006F9B5B;
					};
					75E7818921A3048A006F9B5B = {
						CreatedOnToolsVersion = 10.0;
						TestTargetID = 75E7816A21A30488006F9B5B;
					};
				};
			};
			buildConfigurationList = 75E7816621A30488006F9B5B /* Build configuration list for PBXProject "TableViewDemo" */;
			compatibilityVersion = "Xcode 9.3";
			developmentRegion = en;
			hasScannedForEncodings = 0;
			knownRegions = (
				en,
				Base,
			);
			mainGroup = 75E7816221A30488006F9B5B;
			productRefGroup = 75E7816C21A30488006F9B5B /* Products */;
			projectDirPath = "";
			projectRoot = "";
			targets = (
				75E7816A21A30488006F9B5B /* TableViewDemo */,
				75E7817E21A3048A006F9B5B /* TableViewDemoTests */,
				75E7818921A3048A006F9B5B /* TableViewDemoUITests */,
			);
		};
/* End PBXProject section */

/* Begin PBXResourcesBuildPhase section */
		75E7816921A30488006F9B5B /* Resources */ = {
			isa = PBXResourcesBuildPhase;
			buildActionMask = 2147483647;
			files = (
				75E7817921A3048A006F9B5B /* LaunchScreen.storyboard in Resources */,
				75E7817621A3048A006F9B5B /* Assets.xcassets in Resources */,
			);
			runOnlyForDeploymentPostprocessing = 0;
		};
		75E7817D21A3048A006F9B5B /* Resources */ = {
			isa = PBXResourcesBuildPhase;
			buildActionMask = 2147483647;
			files = (
			);
			runOnlyForDeploymentPostprocessing = 0;
		};
		75E7818821A3048A006F9B5B /* Resources */ = {
			isa = PBXResourcesBuildPhase;
			buildActionMask = 2147483647;
			files = (
			);
			runOnlyForDeploymentPostprocessing = 0;
		};
/* End PBXResourcesBuildPhase section */

/* Begin PBXShellScriptBuildPhase section */
		1C21BCB64678B7E43256CF28 /* [CP] Embed Pods Frameworks */ = {
			isa = PBXShellScriptBuildPhase;
			buildActionMask = 2147483647;
			files = (
			);
			inputPaths = (
				"${SRCROOT}/Pods/Target Support Files/Pods-TableViewDemo/Pods-TableViewDemo-frameworks.sh",
				"${BUILT_PRODUCTS_DIR}/Alamofire/Alamofire.framework",
				"${BUILT_PRODUCTS_DIR}/Moya/Moya.framework",
				"${BUILT_PRODUCTS_DIR}/Moya-ObjectMapper/Moya_ObjectMapper.framework",
				"${BUILT_PRODUCTS_DIR}/ObjectMapper/ObjectMapper.framework",
				"${BUILT_PRODUCTS_DIR}/Result/Result.framework",
				"${BUILT_PRODUCTS_DIR}/RxCocoa/RxCocoa.framework",
				"${BUILT_PRODUCTS_DIR}/RxSwift/RxSwift.framework",
			);
			name = "[CP] Embed Pods Frameworks";
			outputPaths = (
				"${TARGET_BUILD_DIR}/${FRAMEWORKS_FOLDER_PATH}/Alamofire.framework",
				"${TARGET_BUILD_DIR}/${FRAMEWORKS_FOLDER_PATH}/Moya.framework",
				"${TARGET_BUILD_DIR}/${FRAMEWORKS_FOLDER_PATH}/Moya_ObjectMapper.framework",
				"${TARGET_BUILD_DIR}/${FRAMEWORKS_FOLDER_PATH}/ObjectMapper.framework",
				"${TARGET_BUILD_DIR}/${FRAMEWORKS_FOLDER_PATH}/Result.framework",
				"${TARGET_BUILD_DIR}/${FRAMEWORKS_FOLDER_PATH}/RxCocoa.framework",
				"${TARGET_BUILD_DIR}/${FRAMEWORKS_FOLDER_PATH}/RxSwift.framework",
			);
			runOnlyForDeploymentPostprocessing = 0;
			shellPath = /bin/sh;
			shellScript = "\"${SRCROOT}/Pods/Target Support Files/Pods-TableViewDemo/Pods-TableViewDemo-frameworks.sh\"\n";
			showEnvVarsInLog = 0;
		};
		65C68E8C5A68881C53631C8F /* [CP] Check Pods Manifest.lock */ = {
			isa = PBXShellScriptBuildPhase;
			buildActionMask = 2147483647;
			files = (
			);
			inputPaths = (
				"${PODS_PODFILE_DIR_PATH}/Podfile.lock",
				"${PODS_ROOT}/Manifest.lock",
			);
			name = "[CP] Check Pods Manifest.lock";
			outputPaths = (
				"$(DERIVED_FILE_DIR)/Pods-TableViewDemo-checkManifestLockResult.txt",
			);
			runOnlyForDeploymentPostprocessing = 0;
			shellPath = /bin/sh;
			shellScript = "diff \"${PODS_PODFILE_DIR_PATH}/Podfile.lock\" \"${PODS_ROOT}/Manifest.lock\" > /dev/null\nif [ $? != 0 ] ; then\n    # print error to STDERR\n    echo \"error: The sandbox is not in sync with the Podfile.lock. Run 'pod install' or update your CocoaPods installation.\" >&2\n    exit 1\nfi\n# This output is used by Xcode 'outputs' to avoid re-running this script phase.\necho \"SUCCESS\" > \"${SCRIPT_OUTPUT_FILE_0}\"\n";
			showEnvVarsInLog = 0;
		};
/* End PBXShellScriptBuildPhase section */

/* Begin PBXSourcesBuildPhase section */
		75E7816721A30488006F9B5B /* Sources */ = {
			isa = PBXSourcesBuildPhase;
			buildActionMask = 2147483647;
			files = (
				75E781A121A3091F006F9B5B /* ViewModel.swift in Sources */,
				75E7819F21A308EC006F9B5B /* GitHubModel.swift in Sources */,
				75E781A321A31160006F9B5B /* RxTableViewViewController.swift in Sources */,
				75E7819D21A30797006F9B5B /* GitHubApi.swift in Sources */,
				75E7816F21A30488006F9B5B /* AppDelegate.swift in Sources */,
			);
			runOnlyForDeploymentPostprocessing = 0;
		};
		75E7817B21A3048A006F9B5B /* Sources */ = {
			isa = PBXSourcesBuildPhase;
			buildActionMask = 2147483647;
			files = (
				75E7818421A3048A006F9B5B /* TableViewDemoTests.swift in Sources */,
			);
			runOnlyForDeploymentPostprocessing = 0;
		};
		75E7818621A3048A006F9B5B /* Sources */ = {
			isa = PBXSourcesBuildPhase;
			buildActionMask = 2147483647;
			files = (
				75E7818F21A3048A006F9B5B /* TableViewDemoUITests.swift in Sources */,
			);
			runOnlyForDeploymentPostprocessing = 0;
		};
/* End PBXSourcesBuildPhase section */

/* Begin PBXTargetDependency section */
		75E7818121A3048A006F9B5B /* PBXTargetDependency */ = {
			isa = PBXTargetDependency;
			target = 75E7816A21A30488006F9B5B /* TableViewDemo */;
			targetProxy = 75E7818021A3048A006F9B5B /* PBXContainerItemProxy */;
		};
		75E7818C21A3048A006F9B5B /* PBXTargetDependency */ = {
			isa = PBXTargetDependency;
			target = 75E7816A21A30488006F9B5B /* TableViewDemo */;
			targetProxy = 75E7818B21A3048A006F9B5B /* PBXContainerItemProxy */;
		};
/* End PBXTargetDependency section */

/* Begin PBXVariantGroup section */
		75E7817721A3048A006F9B5B /* LaunchScreen.storyboard */ = {
			isa = PBXVariantGroup;
			children = (
				75E7817821A3048A006F9B5B /* Base */,
			);
			name = LaunchScreen.storyboard;
			sourceTree = "<group>";
		};
/* End PBXVariantGroup section */

/* Begin XCBuildConfiguration section */
		75E7819121A3048A006F9B5B /* Debug */ = {
			isa = XCBuildConfiguration;
			buildSettings = {
				ALWAYS_SEARCH_USER_PATHS = NO;
				CLANG_ANALYZER_NONNULL = YES;
				CLANG_ANALYZER_NUMBER_OBJECT_CONVERSION = YES_AGGRESSIVE;
				CLANG_CXX_LANGUAGE_STANDARD = "gnu++14";
				CLANG_CXX_LIBRARY = "libc++";
				CLANG_ENABLE_MODULES = YES;
				CLANG_ENABLE_OBJC_ARC = YES;
				CLANG_ENABLE_OBJC_WEAK = YES;
				CLANG_WARN_BLOCK_CAPTURE_AUTORELEASING = YES;
				CLANG_WARN_BOOL_CONVERSION = YES;
				CLANG_WARN_COMMA = YES;
				CLANG_WARN_CONSTANT_CONVERSION = YES;
				CLANG_WARN_DEPRECATED_OBJC_IMPLEMENTATIONS = YES;
				CLANG_WARN_DIRECT_OBJC_ISA_USAGE = YES_ERROR;
				CLANG_WARN_DOCUMENTATION_COMMENTS = YES;
				CLANG_WARN_EMPTY_BODY = YES;
				CLANG_WARN_ENUM_CONVERSION = YES;
				CLANG_WARN_INFINITE_RECURSION = YES;
				CLANG_WARN_INT_CONVERSION = YES;
				CLANG_WARN_NON_LITERAL_NULL_CONVERSION = YES;
				CLANG_WARN_OBJC_IMPLICIT_RETAIN_SELF = YES;
				CLANG_WARN_OBJC_LITERAL_CONVERSION = YES;
				CLANG_WARN_OBJC_ROOT_CLASS = YES_ERROR;
				CLANG_WARN_RANGE_LOOP_ANALYSIS = YES;
				CLANG_WARN_STRICT_PROTOTYPES = YES;
				CLANG_WARN_SUSPICIOUS_MOVE = YES;
				CLANG_WARN_UNGUARDED_AVAILABILITY = YES_AGGRESSIVE;
				CLANG_WARN_UNREACHABLE_CODE = YES;
				CLANG_WARN__DUPLICATE_METHOD_MATCH = YES;
				CODE_SIGN_IDENTITY = "iPhone Developer";
				COPY_PHASE_STRIP = NO;
				DEBUG_INFORMATION_FORMAT = dwarf;
				ENABLE_STRICT_OBJC_MSGSEND = YES;
				ENABLE_TESTABILITY = YES;
				GCC_C_LANGUAGE_STANDARD = gnu11;
				GCC_DYNAMIC_NO_PIC = NO;
				GCC_NO_COMMON_BLOCKS = YES;
				GCC_OPTIMIZATION_LEVEL = 0;
				GCC_PREPROCESSOR_DEFINITIONS = (
					"DEBUG=1",
					"$(inherited)",
				);
				GCC_WARN_64_TO_32_BIT_CONVERSION = YES;
				GCC_WARN_ABOUT_RETURN_TYPE = YES_ERROR;
				GCC_WARN_UNDECLARED_SELECTOR = YES;
				GCC_WARN_UNINITIALIZED_AUTOS = YES_AGGRESSIVE;
				GCC_WARN_UNUSED_FUNCTION = YES;
				GCC_WARN_UNUSED_VARIABLE = YES;
				IPHONEOS_DEPLOYMENT_TARGET = 12.0;
				MTL_ENABLE_DEBUG_INFO = INCLUDE_SOURCE;
				MTL_FAST_MATH = YES;
				ONLY_ACTIVE_ARCH = YES;
				SDKROOT = iphoneos;
				SWIFT_ACTIVE_COMPILATION_CONDITIONS = DEBUG;
				SWIFT_OPTIMIZATION_LEVEL = "-Onone";
			};
			name = Debug;
		};
		75E7819221A3048A006F9B5B /* Release */ = {
			isa = XCBuildConfiguration;
			buildSettings = {
				ALWAYS_SEARCH_USER_PATHS = NO;
				CLANG_ANALYZER_NONNULL = YES;
				CLANG_ANALYZER_NUMBER_OBJECT_CONVERSION = YES_AGGRESSIVE;
				CLANG_CXX_LANGUAGE_STANDARD = "gnu++14";
				CLANG_CXX_LIBRARY = "libc++";
				CLANG_ENABLE_MODULES = YES;
				CLANG_ENABLE_OBJC_ARC = YES;
				CLANG_ENABLE_OBJC_WEAK = YES;
				CLANG_WARN_BLOCK_CAPTURE_AUTORELEASING = YES;
				CLANG_WARN_BOOL_CONVERSION = YES;
				CLANG_WARN_COMMA = YES;
				CLANG_WARN_CONSTANT_CONVERSION = YES;
				CLANG_WARN_DEPRECATED_OBJC_IMPLEMENTATIONS = YES;
				CLANG_WARN_DIRECT_OBJC_ISA_USAGE = YES_ERROR;
				CLANG_WARN_DOCUMENTATION_COMMENTS = YES;
				CLANG_WARN_EMPTY_BODY = YES;
				CLANG_WARN_ENUM_CONVERSION = YES;
				CLANG_WARN_INFINITE_RECURSION = YES;
				CLANG_WARN_INT_CONVERSION = YES;
				CLANG_WARN_NON_LITERAL_NULL_CONVERSION = YES;
				CLANG_WARN_OBJC_IMPLICIT_RETAIN_SELF = YES;
				CLANG_WARN_OBJC_LITERAL_CONVERSION = YES;
				CLANG_WARN_OBJC_ROOT_CLASS = YES_ERROR;
				CLANG_WARN_RANGE_LOOP_ANALYSIS = YES;
				CLANG_WARN_STRICT_PROTOTYPES = YES;
				CLANG_WARN_SUSPICIOUS_MOVE = YES;
				CLANG_WARN_UNGUARDED_AVAILABILITY = YES_AGGRESSIVE;
				CLANG_WARN_UNREACHABLE_CODE = YES;
				CLANG_WARN__DUPLICATE_METHOD_MATCH = YES;
				CODE_SIGN_IDENTITY = "iPhone Developer";
				COPY_PHASE_STRIP = NO;
				DEBUG_INFORMATION_FORMAT = "dwarf-with-dsym";
				ENABLE_NS_ASSERTIONS = NO;
				ENABLE_STRICT_OBJC_MSGSEND = YES;
				GCC_C_LANGUAGE_STANDARD = gnu11;
				GCC_NO_COMMON_BLOCKS = YES;
				GCC_WARN_64_TO_32_BIT_CONVERSION = YES;
				GCC_WARN_ABOUT_RETURN_TYPE = YES_ERROR;
				GCC_WARN_UNDECLARED_SELECTOR = YES;
				GCC_WARN_UNINITIALIZED_AUTOS = YES_AGGRESSIVE;
				GCC_WARN_UNUSED_FUNCTION = YES;
				GCC_WARN_UNUSED_VARIABLE = YES;
				IPHONEOS_DEPLOYMENT_TARGET = 12.0;
				MTL_ENABLE_DEBUG_INFO = NO;
				MTL_FAST_MATH = YES;
				SDKROOT = iphoneos;
				SWIFT_COMPILATION_MODE = wholemodule;
				SWIFT_OPTIMIZATION_LEVEL = "-O";
				VALIDATE_PRODUCT = YES;
			};
			name = Release;
		};
		75E7819421A3048A006F9B5B /* Debug */ = {
			isa = XCBuildConfiguration;
			baseConfigurationReference = 3FA506ADCCE7131E7104CFFE /* Pods-TableViewDemo.debug.xcconfig */;
			buildSettings = {
				ASSETCATALOG_COMPILER_APPICON_NAME = AppIcon;
				CODE_SIGN_STYLE = Automatic;
				INFOPLIST_FILE = TableViewDemo/Info.plist;
				LD_RUNPATH_SEARCH_PATHS = (
					"$(inherited)",
					"@executable_path/Frameworks",
				);
				PRODUCT_BUNDLE_IDENTIFIER = com.xiushaomin.ios.TableViewDemo;
				PRODUCT_NAME = "$(TARGET_NAME)";
				SWIFT_VERSION = 4.2;
				TARGETED_DEVICE_FAMILY = "1,2";
			};
			name = Debug;
		};
		75E7819521A3048A006F9B5B /* Release */ = {
			isa = XCBuildConfiguration;
			baseConfigurationReference = 2E3C2E37DCF58979D93C1970 /* Pods-TableViewDemo.release.xcconfig */;
			buildSettings = {
				ASSETCATALOG_COMPILER_APPICON_NAME = AppIcon;
				CODE_SIGN_STYLE = Automatic;
				INFOPLIST_FILE = TableViewDemo/Info.plist;
				LD_RUNPATH_SEARCH_PATHS = (
					"$(inherited)",
					"@executable_path/Frameworks",
				);
				PRODUCT_BUNDLE_IDENTIFIER = com.xiushaomin.ios.TableViewDemo;
				PRODUCT_NAME = "$(TARGET_NAME)";
				SWIFT_VERSION = 4.2;
				TARGETED_DEVICE_FAMILY = "1,2";
			};
			name = Release;
		};
		75E7819721A3048A006F9B5B /* Debug */ = {
			isa = XCBuildConfiguration;
			buildSettings = {
				ALWAYS_EMBED_SWIFT_STANDARD_LIBRARIES = YES;
				BUNDLE_LOADER = "$(TEST_HOST)";
				CODE_SIGN_STYLE = Automatic;
				INFOPLIST_FILE = TableViewDemoTests/Info.plist;
				LD_RUNPATH_SEARCH_PATHS = (
					"$(inherited)",
					"@executable_path/Frameworks",
					"@loader_path/Frameworks",
				);
				PRODUCT_BUNDLE_IDENTIFIER = com.xiushaomin.ios.TableViewDemoTests;
				PRODUCT_NAME = "$(TARGET_NAME)";
				SWIFT_VERSION = 4.2;
				TARGETED_DEVICE_FAMILY = "1,2";
				TEST_HOST = "$(BUILT_PRODUCTS_DIR)/TableViewDemo.app/TableViewDemo";
			};
			name = Debug;
		};
		75E7819821A3048A006F9B5B /* Release */ = {
			isa = XCBuildConfiguration;
			buildSettings = {
				ALWAYS_EMBED_SWIFT_STANDARD_LIBRARIES = YES;
				BUNDLE_LOADER = "$(TEST_HOST)";
				CODE_SIGN_STYLE = Automatic;
				INFOPLIST_FILE = TableViewDemoTests/Info.plist;
				LD_RUNPATH_SEARCH_PATHS = (
					"$(inherited)",
					"@executable_path/Frameworks",
					"@loader_path/Frameworks",
				);
				PRODUCT_BUNDLE_IDENTIFIER = com.xiushaomin.ios.TableViewDemoTests;
				PRODUCT_NAME = "$(TARGET_NAME)";
				SWIFT_VERSION = 4.2;
				TARGETED_DEVICE_FAMILY = "1,2";
				TEST_HOST = "$(BUILT_PRODUCTS_DIR)/TableViewDemo.app/TableViewDemo";
			};
			name = Release;
		};
		75E7819A21A3048A006F9B5B /* Debug */ = {
			isa = XCBuildConfiguration;
			buildSettings = {
				ALWAYS_EMBED_SWIFT_STANDARD_LIBRARIES = YES;
				CODE_SIGN_STYLE = Automatic;
				INFOPLIST_FILE = TableViewDemoUITests/Info.plist;
				LD_RUNPATH_SEARCH_PATHS = (
					"$(inherited)",
					"@executable_path/Frameworks",
					"@loader_path/Frameworks",
				);
				PRODUCT_BUNDLE_IDENTIFIER = com.xiushaomin.ios.TableViewDemoUITests;
				PRODUCT_NAME = "$(TARGET_NAME)";
				SWIFT_VERSION = 4.2;
				TARGETED_DEVICE_FAMILY = "1,2";
				TEST_TARGET_NAME = TableViewDemo;
			};
			name = Debug;
		};
		75E7819B21A3048A006F9B5B /* Release */ = {
			isa = XCBuildConfiguration;
			buildSettings = {
				ALWAYS_EMBED_SWIFT_STANDARD_LIBRARIES = YES;
				CODE_SIGN_STYLE = Automatic;
				INFOPLIST_FILE = TableViewDemoUITests/Info.plist;
				LD_RUNPATH_SEARCH_PATHS = (
					"$(inherited)",
					"@executable_path/Frameworks",
					"@loader_path/Frameworks",
				);
				PRODUCT_BUNDLE_IDENTIFIER = com.xiushaomin.ios.TableViewDemoUITests;
				PRODUCT_NAME = "$(TARGET_NAME)";
				SWIFT_VERSION = 4.2;
				TARGETED_DEVICE_FAMILY = "1,2";
				TEST_TARGET_NAME = TableViewDemo;
			};
			name = Release;
		};
/* End XCBuildConfiguration section */

/* Begin XCConfigurationList section */
		75E7816621A30488006F9B5B /* Build configuration list for PBXProject "TableViewDemo" */ = {
			isa = XCConfigurationList;
			buildConfigurations = (
				75E7819121A3048A006F9B5B /* Debug */,
				75E7819221A3048A006F9B5B /* Release */,
			);
			defaultConfigurationIsVisible = 0;
			defaultConfigurationName = Release;
		};
		75E7819321A3048A006F9B5B /* Build configuration list for PBXNativeTarget "TableViewDemo" */ = {
			isa = XCConfigurationList;
			buildConfigurations = (
				75E7819421A3048A006F9B5B /* Debug */,
				75E7819521A3048A006F9B5B /* Release */,
			);
			defaultConfigurationIsVisible = 0;
			defaultConfigurationName = Release;
		};
		75E7819621A3048A006F9B5B /* Build configuration list for PBXNativeTarget "TableViewDemoTests" */ = {
			isa = XCConfigurationList;
			buildConfigurations = (
				75E7819721A3048A006F9B5B /* Debug */,
				75E7819821A3048A006F9B5B /* Release */,
			);
			defaultConfigurationIsVisible = 0;
			defaultConfigurationName = Release;
		};
		75E7819921A3048A006F9B5B /* Build configuration list for PBXNativeTarget "TableViewDemoUITests" */ = {
			isa = XCConfigurationList;
			buildConfigurations = (
				75E7819A21A3048A006F9B5B /* Debug */,
				75E7819B21A3048A006F9B5B /* Release */,
			);
			defaultConfigurationIsVisible = 0;
			defaultConfigurationName = Release;
		};
/* End XCConfigurationList section */
	};
	rootObject = 75E7816321A30488006F9B5B /* Project object */;
}
